
Microsoft Visual Studio Solution File, Format Version 12.00
# Visual Studio Version 17
VisualStudioVersion = 17.5.33516.290
MinimumVisualStudioVersion = 10.0.40219.1
Project("{9A19103F-16F7-4668-BE54-9A1E7A4F7556}") = "InfoBoard", "Wired\InfoBoard.csproj", "{0BEEDC25-65E9-4128-A6AA-0DD7B88A3958}"
EndProject
Global
	GlobalSection(SolutionConfigurationPlatforms) = preSolution
		Debug|Any CPU = Debug|Any CPU
		Release|Any CPU = Release|Any CPU
	EndGlobalSection
	GlobalSection(ProjectConfigurationPlatforms) = postSolution
		{0BEEDC25-65E9-4128-A6AA-0DD7B88A3958}.Debug|Any CPU.ActiveCfg = Debug|Any CPU
		{0BEEDC25-65E9-4128-A6AA-0DD7B88A3958}.Debug|Any CPU.Build.0 = Debug|Any CPU
		{0BEEDC25-65E9-4128-A6AA-0DD7B88A3958}.Release|Any CPU.ActiveCfg = Release|Any CPU
		{0BEEDC25-65E9-4128-A6AA-0DD7B88A3958}.Release|Any CPU.Build.0 = Release|Any CPU
	EndGlobalSection
	GlobalSection(SolutionProperties) = preSolution
		HideSolutionNode = FALSE
	EndGlobalSection
	GlobalSection(ExtensibilityGlobals) = postSolution
		SolutionGuid = {A2C5D35A-CCC5-4601-99D7-467B0BFB9480}
	EndGlobalSection
EndGlobal
